
Microsoft Visual Studio Solution File, Format Version 12.00
# Visual Studio 15
VisualStudioVersion = 15.0.26730.16
MinimumVisualStudioVersion = 10.0.40219.1
Project("{8BC9CEB8-8B4A-11D0-8D11-00A0C91BC942}") = "Amazoom (Anushka Trial)", "Amazoom (Anushka Trial)\Amazoom (Anushka Trial).vcxproj", "{7D288678-E56F-4DA8-9A95-87F9083598CC}"
EndProject
Project("{8BC9CEB8-8B4A-11D0-8D11-00A0C91BC942}") = "Main", "Main\Main.vcxproj", "{157EAE47-20C3-443B-BBAC-A378DA9F8716}"
EndProject
Project("{8BC9CEB8-8B4A-11D0-8D11-00A0C91BC942}") = "remote_server", "Robot\Robot.vcxproj", "{F52DE7B8-E770-4C23-B5EE-7ADD0A53ECBF}"
EndProject
Project("{8BC9CEB8-8B4A-11D0-8D11-00A0C91BC942}") = "client", "client\client.vcxproj", "{20285395-EBBF-4518-8825-41229DBDC5FC}"
EndProject
Project("{8BC9CEB8-8B4A-11D0-8D11-00A0C91BC942}") = "UI", "UI\UI.vcxproj", "{73F707D9-4512-48A3-9AEB-41B94529BFD3}"
EndProject
Project("{8BC9CEB8-8B4A-11D0-8D11-00A0C91BC942}") = "UI server", "UI server\UI server.vcxproj", "{51ABB84D-56C8-47FB-A158-A84549B13079}"
EndProject
Global
	GlobalSection(SolutionConfigurationPlatforms) = preSolution
		Debug|x64 = Debug|x64
		Debug|x86 = Debug|x86
		Release|x64 = Release|x64
		Release|x86 = Release|x86
	EndGlobalSection
	GlobalSection(ProjectConfigurationPlatforms) = postSolution
		{7D288678-E56F-4DA8-9A95-87F9083598CC}.Debug|x64.ActiveCfg = Debug|x64
		{7D288678-E56F-4DA8-9A95-87F9083598CC}.Debug|x64.Build.0 = Debug|x64
		{7D288678-E56F-4DA8-9A95-87F9083598CC}.Debug|x86.ActiveCfg = Debug|Win32
		{7D288678-E56F-4DA8-9A95-87F9083598CC}.Debug|x86.Build.0 = Debug|Win32
		{7D288678-E56F-4DA8-9A95-87F9083598CC}.Release|x64.ActiveCfg = Release|x64
		{7D288678-E56F-4DA8-9A95-87F9083598CC}.Release|x64.Build.0 = Release|x64
		{7D288678-E56F-4DA8-9A95-87F9083598CC}.Release|x86.ActiveCfg = Release|Win32
		{7D288678-E56F-4DA8-9A95-87F9083598CC}.Release|x86.Build.0 = Release|Win32
		{157EAE47-20C3-443B-BBAC-A378DA9F8716}.Debug|x64.ActiveCfg = Debug|x64
		{157EAE47-20C3-443B-BBAC-A378DA9F8716}.Debug|x64.Build.0 = Debug|x64
		{157EAE47-20C3-443B-BBAC-A378DA9F8716}.Debug|x86.ActiveCfg = Debug|Win32
		{157EAE47-20C3-443B-BBAC-A378DA9F8716}.Debug|x86.Build.0 = Debug|Win32
		{157EAE47-20C3-443B-BBAC-A378DA9F8716}.Release|x64.ActiveCfg = Release|x64
		{157EAE47-20C3-443B-BBAC-A378DA9F8716}.Release|x64.Build.0 = Release|x64
		{157EAE47-20C3-443B-BBAC-A378DA9F8716}.Release|x86.ActiveCfg = Release|Win32
		{157EAE47-20C3-443B-BBAC-A378DA9F8716}.Release|x86.Build.0 = Release|Win32
		{F52DE7B8-E770-4C23-B5EE-7ADD0A53ECBF}.Debug|x64.ActiveCfg = Debug|x64
		{F52DE7B8-E770-4C23-B5EE-7ADD0A53ECBF}.Debug|x64.Build.0 = Debug|x64
		{F52DE7B8-E770-4C23-B5EE-7ADD0A53ECBF}.Debug|x86.ActiveCfg = Debug|Win32
		{F52DE7B8-E770-4C23-B5EE-7ADD0A53ECBF}.Debug|x86.Build.0 = Debug|Win32
		{F52DE7B8-E770-4C23-B5EE-7ADD0A53ECBF}.Release|x64.ActiveCfg = Release|x64
		{F52DE7B8-E770-4C23-B5EE-7ADD0A53ECBF}.Release|x64.Build.0 = Release|x64
		{F52DE7B8-E770-4C23-B5EE-7ADD0A53ECBF}.Release|x86.ActiveCfg = Release|Win32
		{F52DE7B8-E770-4C23-B5EE-7ADD0A53ECBF}.Release|x86.Build.0 = Release|Win32
		{20285395-EBBF-4518-8825-41229DBDC5FC}.Debug|x64.ActiveCfg = Debug|x64
		{20285395-EBBF-4518-8825-41229DBDC5FC}.Debug|x64.Build.0 = Debug|x64
		{20285395-EBBF-4518-8825-41229DBDC5FC}.Debug|x86.ActiveCfg = Debug|Win32
		{20285395-EBBF-4518-8825-41229DBDC5FC}.Debug|x86.Build.0 = Debug|Win32
		{20285395-EBBF-4518-8825-41229DBDC5FC}.Release|x64.ActiveCfg = Release|x64
		{20285395-EBBF-4518-8825-41229DBDC5FC}.Release|x64.Build.0 = Release|x64
		{20285395-EBBF-4518-8825-41229DBDC5FC}.Release|x86.ActiveCfg = Release|Win32
		{20285395-EBBF-4518-8825-41229DBDC5FC}.Release|x86.Build.0 = Release|Win32
		{73F707D9-4512-48A3-9AEB-41B94529BFD3}.Debug|x64.ActiveCfg = Debug|x64
		{73F707D9-4512-48A3-9AEB-41B94529BFD3}.Debug|x64.Build.0 = Debug|x64
		{73F707D9-4512-48A3-9AEB-41B94529BFD3}.Debug|x86.ActiveCfg = Debug|Win32
		{73F707D9-4512-48A3-9AEB-41B94529BFD3}.Debug|x86.Build.0 = Debug|Win32
		{73F707D9-4512-48A3-9AEB-41B94529BFD3}.Release|x64.ActiveCfg = Release|x64
		{73F707D9-4512-48A3-9AEB-41B94529BFD3}.Release|x64.Build.0 = Release|x64
		{73F707D9-4512-48A3-9AEB-41B94529BFD3}.Release|x86.ActiveCfg = Release|Win32
		{73F707D9-4512-48A3-9AEB-41B94529BFD3}.Release|x86.Build.0 = Release|Win32
		{51ABB84D-56C8-47FB-A158-A84549B13079}.Debug|x64.ActiveCfg = Debug|x64
		{51ABB84D-56C8-47FB-A158-A84549B13079}.Debug|x64.Build.0 = Debug|x64
		{51ABB84D-56C8-47FB-A158-A84549B13079}.Debug|x86.ActiveCfg = Debug|Win32
		{51ABB84D-56C8-47FB-A158-A84549B13079}.Debug|x86.Build.0 = Debug|Win32
		{51ABB84D-56C8-47FB-A158-A84549B13079}.Release|x64.ActiveCfg = Release|x64
		{51ABB84D-56C8-47FB-A158-A84549B13079}.Release|x64.Build.0 = Release|x64
		{51ABB84D-56C8-47FB-A158-A84549B13079}.Release|x86.ActiveCfg = Release|Win32
		{51ABB84D-56C8-47FB-A158-A84549B13079}.Release|x86.Build.0 = Release|Win32
	EndGlobalSection
	GlobalSection(SolutionProperties) = preSolution
		HideSolutionNode = FALSE
	EndGlobalSection
	GlobalSection(ExtensibilityGlobals) = postSolution
		SolutionGuid = {8481FA47-5A54-4441-B369-9D34DDA688FE}
	EndGlobalSection
EndGlobal
